
Microsoft Visual Studio Solution File, Format Version 12.00
# Visual Studio 14
VisualStudioVersion = 14.0.25420.1
MinimumVisualStudioVersion = 10.0.40219.1
Project("{888888A0-9F3D-457C-B088-3A5042F75D52}") = "CSZLsuper", "CSZLsuper\CSZLsuper.pyproj", "{AFC4BAD3-A0E9-4E08-BE54-1A8EC3558EAE}"
EndProject
Global
	GlobalSection(SolutionConfigurationPlatforms) = preSolution
		Debug|Any CPU = Debug|Any CPU
		Release|Any CPU = Release|Any CPU
	EndGlobalSection
	GlobalSection(ProjectConfigurationPlatforms) = postSolution
		{AFC4BAD3-A0E9-4E08-BE54-1A8EC3558EAE}.Debug|Any CPU.ActiveCfg = Debug|Any CPU
		{AFC4BAD3-A0E9-4E08-BE54-1A8EC3558EAE}.Release|Any CPU.ActiveCfg = Release|Any CPU
	EndGlobalSection
	GlobalSection(SolutionProperties) = preSolution
		HideSolutionNode = FALSE
	EndGlobalSection
EndGlobal
